
Microsoft Visual Studio Solution File, Format Version 12.00
# Visual Studio Version 17
VisualStudioVersion = 17.7.34202.233
MinimumVisualStudioVersion = 10.0.40219.1
Project("{9A19103F-16F7-4668-BE54-9A1E7A4F7556}") = "MAUIMiniApp", "MAUIMiniApp.csproj", "{CA038366-50DF-462A-B1ED-318361F945E5}"
EndProject
Project("{9A19103F-16F7-4668-BE54-9A1E7A4F7556}") = "YAP.Libs", "..\YAP.Libs\YAP.Libs.csproj", "{28C81ACD-9E11-4322-BCF9-09BD87D26840}"
EndProject
Global
	GlobalSection(SolutionConfigurationPlatforms) = preSolution
		Debug|Any CPU = Debug|Any CPU
		Release|Any CPU = Release|Any CPU
	EndGlobalSection
	GlobalSection(ProjectConfigurationPlatforms) = postSolution
		{CA038366-50DF-462A-B1ED-318361F945E5}.Debug|Any CPU.ActiveCfg = Debug|Any CPU
		{CA038366-50DF-462A-B1ED-318361F945E5}.Debug|Any CPU.Build.0 = Debug|Any CPU
		{CA038366-50DF-462A-B1ED-318361F945E5}.Debug|Any CPU.Deploy.0 = Debug|Any CPU
		{CA038366-50DF-462A-B1ED-318361F945E5}.Release|Any CPU.ActiveCfg = Release|Any CPU
		{CA038366-50DF-462A-B1ED-318361F945E5}.Release|Any CPU.Build.0 = Release|Any CPU
		{CA038366-50DF-462A-B1ED-318361F945E5}.Release|Any CPU.Deploy.0 = Release|Any CPU
		{28C81ACD-9E11-4322-BCF9-09BD87D26840}.Debug|Any CPU.ActiveCfg = Debug|Any CPU
		{28C81ACD-9E11-4322-BCF9-09BD87D26840}.Debug|Any CPU.Build.0 = Debug|Any CPU
		{28C81ACD-9E11-4322-BCF9-09BD87D26840}.Release|Any CPU.ActiveCfg = Release|Any CPU
		{28C81ACD-9E11-4322-BCF9-09BD87D26840}.Release|Any CPU.Build.0 = Release|Any CPU
	EndGlobalSection
	GlobalSection(SolutionProperties) = preSolution
		HideSolutionNode = FALSE
	EndGlobalSection
	GlobalSection(ExtensibilityGlobals) = postSolution
		SolutionGuid = {D7B72A87-3CB3-473B-AAEC-D0714B98B727}
	EndGlobalSection
EndGlobal
